// !$*UTF8*$!
{
	archiveVersion = 1;
	classes = {
	};
	objectVersion = 46;
	objects = {

/* Begin PBXBuildFile section */
		8E8B37A6952A87F0D2737C02 /* Pods_OmnieCommerceAdmin.framework in Frameworks */ = {isa = PBXBuildFile; fileRef = BE7B7698EDC4E9318058B61D /* Pods_OmnieCommerceAdmin.framework */; };
		B1EADCCB1E436316006341D2 /* AppDelegate.swift in Sources */ = {isa = PBXBuildFile; fileRef = B1EADCCA1E436316006341D2 /* AppDelegate.swift */; };
		B1EADCD21E436316006341D2 /* Assets.xcassets in Resources */ = {isa = PBXBuildFile; fileRef = B1EADCD11E436316006341D2 /* Assets.xcassets */; };
		B1EADCEE1E4374C2006341D2 /* Main.storyboard in Resources */ = {isa = PBXBuildFile; fileRef = B1EADCEB1E4374C2006341D2 /* Main.storyboard */; };
		B1EADCF51E437534006341D2 /* Localizable.strings in Resources */ = {isa = PBXBuildFile; fileRef = B1EADCF71E437534006341D2 /* Localizable.strings */; };
		B1EADD081E4386F2006341D2 /* Config.swift in Sources */ = {isa = PBXBuildFile; fileRef = B1EADD071E4386F2006341D2 /* Config.swift */; };
		B1EADD2E1E4390A2006341D2 /* MainShowConfigurator.swift in Sources */ = {isa = PBXBuildFile; fileRef = B1EADD271E4390A2006341D2 /* MainShowConfigurator.swift */; };
		B1EADD2F1E4390A2006341D2 /* MainShowInteractor.swift in Sources */ = {isa = PBXBuildFile; fileRef = B1EADD281E4390A2006341D2 /* MainShowInteractor.swift */; };
		B1EADD301E4390A2006341D2 /* MainShowModels.swift in Sources */ = {isa = PBXBuildFile; fileRef = B1EADD291E4390A2006341D2 /* MainShowModels.swift */; };
		B1EADD311E4390A2006341D2 /* MainShowPresenter.swift in Sources */ = {isa = PBXBuildFile; fileRef = B1EADD2A1E4390A2006341D2 /* MainShowPresenter.swift */; };
		B1EADD321E4390A2006341D2 /* MainShowRouter.swift in Sources */ = {isa = PBXBuildFile; fileRef = B1EADD2B1E4390A2006341D2 /* MainShowRouter.swift */; };
		B1EADD331E4390A2006341D2 /* MainShowViewController.swift in Sources */ = {isa = PBXBuildFile; fileRef = B1EADD2C1E4390A2006341D2 /* MainShowViewController.swift */; };
		B1EADD341E4390A2006341D2 /* MainShowWorker.swift in Sources */ = {isa = PBXBuildFile; fileRef = B1EADD2D1E4390A2006341D2 /* MainShowWorker.swift */; };
		B1FBB8921E43B99000C02BC3 /* UIView+Extensions.swift in Sources */ = {isa = PBXBuildFile; fileRef = B1FBB8911E43B99000C02BC3 /* UIView+Extensions.swift */; };
		B1FBB8941E43BA9700C02BC3 /* UIColor+Extensions.swift in Sources */ = {isa = PBXBuildFile; fileRef = B1FBB8931E43BA9700C02BC3 /* UIColor+Extensions.swift */; };
/* End PBXBuildFile section */

/* Begin PBXFileReference section */
		07DD4A3748C06FC225729B4E /* Pods-OmnieCommerceAdmin.release.xcconfig */ = {isa = PBXFileReference; includeInIndex = 1; lastKnownFileType = text.xcconfig; name = "Pods-OmnieCommerceAdmin.release.xcconfig"; path = "Pods/Target Support Files/Pods-OmnieCommerceAdmin/Pods-OmnieCommerceAdmin.release.xcconfig"; sourceTree = "<group>"; };
		B1EADCC71E436316006341D2 /* OmnieCommerceAdmin.app */ = {isa = PBXFileReference; explicitFileType = wrapper.application; includeInIndex = 0; path = OmnieCommerceAdmin.app; sourceTree = BUILT_PRODUCTS_DIR; };
		B1EADCCA1E436316006341D2 /* AppDelegate.swift */ = {isa = PBXFileReference; lastKnownFileType = sourcecode.swift; path = AppDelegate.swift; sourceTree = "<group>"; };
		B1EADCD11E436316006341D2 /* Assets.xcassets */ = {isa = PBXFileReference; lastKnownFileType = folder.assetcatalog; name = Assets.xcassets; path = ../Assets.xcassets; sourceTree = "<group>"; };
		B1EADCE71E43732F006341D2 /* Info.plist */ = {isa = PBXFileReference; fileEncoding = 4; lastKnownFileType = text.plist.xml; path = Info.plist; sourceTree = "<group>"; };
		B1EADCEC1E4374C2006341D2 /* Base */ = {isa = PBXFileReference; lastKnownFileType = file.storyboard; name = Base; path = Base.lproj/Main.storyboard; sourceTree = "<group>"; };
		B1EADCF01E4374DA006341D2 /* ru */ = {isa = PBXFileReference; lastKnownFileType = text.plist.strings; name = ru; path = ru.lproj/Main.strings; sourceTree = "<group>"; };
		B1EADCF21E4374E3006341D2 /* uk */ = {isa = PBXFileReference; lastKnownFileType = text.plist.strings; name = uk; path = uk.lproj/Main.strings; sourceTree = "<group>"; };
		B1EADCF61E437534006341D2 /* Base */ = {isa = PBXFileReference; lastKnownFileType = text.plist.strings; name = Base; path = Base.lproj/Localizable.strings; sourceTree = "<group>"; };
		B1EADD001E437B7F006341D2 /* en */ = {isa = PBXFileReference; lastKnownFileType = text.plist.strings; name = en; path = en.lproj/Localizable.strings; sourceTree = "<group>"; };
		B1EADD011E437B81006341D2 /* ru */ = {isa = PBXFileReference; lastKnownFileType = text.plist.strings; name = ru; path = ru.lproj/Localizable.strings; sourceTree = "<group>"; };
		B1EADD021E437B83006341D2 /* uk */ = {isa = PBXFileReference; lastKnownFileType = text.plist.strings; name = uk; path = uk.lproj/Localizable.strings; sourceTree = "<group>"; };
		B1EADD071E4386F2006341D2 /* Config.swift */ = {isa = PBXFileReference; fileEncoding = 4; lastKnownFileType = sourcecode.swift; path = Config.swift; sourceTree = "<group>"; };
		B1EADD271E4390A2006341D2 /* MainShowConfigurator.swift */ = {isa = PBXFileReference; fileEncoding = 4; lastKnownFileType = sourcecode.swift; path = MainShowConfigurator.swift; sourceTree = "<group>"; };
		B1EADD281E4390A2006341D2 /* MainShowInteractor.swift */ = {isa = PBXFileReference; fileEncoding = 4; lastKnownFileType = sourcecode.swift; path = MainShowInteractor.swift; sourceTree = "<group>"; };
		B1EADD291E4390A2006341D2 /* MainShowModels.swift */ = {isa = PBXFileReference; fileEncoding = 4; lastKnownFileType = sourcecode.swift; path = MainShowModels.swift; sourceTree = "<group>"; };
		B1EADD2A1E4390A2006341D2 /* MainShowPresenter.swift */ = {isa = PBXFileReference; fileEncoding = 4; lastKnownFileType = sourcecode.swift; path = MainShowPresenter.swift; sourceTree = "<group>"; };
		B1EADD2B1E4390A2006341D2 /* MainShowRouter.swift */ = {isa = PBXFileReference; fileEncoding = 4; lastKnownFileType = sourcecode.swift; path = MainShowRouter.swift; sourceTree = "<group>"; };
		B1EADD2C1E4390A2006341D2 /* MainShowViewController.swift */ = {isa = PBXFileReference; fileEncoding = 4; lastKnownFileType = sourcecode.swift; path = MainShowViewController.swift; sourceTree = "<group>"; };
		B1EADD2D1E4390A2006341D2 /* MainShowWorker.swift */ = {isa = PBXFileReference; fileEncoding = 4; lastKnownFileType = sourcecode.swift; path = MainShowWorker.swift; sourceTree = "<group>"; };
		B1FBB8911E43B99000C02BC3 /* UIView+Extensions.swift */ = {isa = PBXFileReference; fileEncoding = 4; lastKnownFileType = sourcecode.swift; path = "UIView+Extensions.swift"; sourceTree = "<group>"; };
		B1FBB8931E43BA9700C02BC3 /* UIColor+Extensions.swift */ = {isa = PBXFileReference; fileEncoding = 4; lastKnownFileType = sourcecode.swift; path = "UIColor+Extensions.swift"; sourceTree = "<group>"; };
		BE7B7698EDC4E9318058B61D /* Pods_OmnieCommerceAdmin.framework */ = {isa = PBXFileReference; explicitFileType = wrapper.framework; includeInIndex = 0; path = Pods_OmnieCommerceAdmin.framework; sourceTree = BUILT_PRODUCTS_DIR; };
		D3521CD7320E35D8C0761F46 /* Pods-OmnieCommerceAdmin.debug.xcconfig */ = {isa = PBXFileReference; includeInIndex = 1; lastKnownFileType = text.xcconfig; name = "Pods-OmnieCommerceAdmin.debug.xcconfig"; path = "Pods/Target Support Files/Pods-OmnieCommerceAdmin/Pods-OmnieCommerceAdmin.debug.xcconfig"; sourceTree = "<group>"; };
/* End PBXFileReference section */

/* Begin PBXFrameworksBuildPhase section */
		B1EADCC41E436316006341D2 /* Frameworks */ = {
			isa = PBXFrameworksBuildPhase;
			buildActionMask = 2147483647;
			files = (
				8E8B37A6952A87F0D2737C02 /* Pods_OmnieCommerceAdmin.framework in Frameworks */,
			);
			runOnlyForDeploymentPostprocessing = 0;
		};
/* End PBXFrameworksBuildPhase section */

/* Begin PBXGroup section */
		1FC2053ACB408625E5D79919 /* Pods */ = {
			isa = PBXGroup;
			children = (
				D3521CD7320E35D8C0761F46 /* Pods-OmnieCommerceAdmin.debug.xcconfig */,
				07DD4A3748C06FC225729B4E /* Pods-OmnieCommerceAdmin.release.xcconfig */,
			);
			name = Pods;
			sourceTree = "<group>";
		};
		77036BDD285D4020F7B57B5E /* Frameworks */ = {
			isa = PBXGroup;
			children = (
				BE7B7698EDC4E9318058B61D /* Pods_OmnieCommerceAdmin.framework */,
			);
			name = Frameworks;
			sourceTree = "<group>";
		};
		B1EADCBE1E436316006341D2 = {
			isa = PBXGroup;
			children = (
				B1EADCC91E436316006341D2 /* OmnieCommerceAdmin */,
				B1EADCC81E436316006341D2 /* Products */,
				1FC2053ACB408625E5D79919 /* Pods */,
				77036BDD285D4020F7B57B5E /* Frameworks */,
			);
			sourceTree = "<group>";
		};
		B1EADCC81E436316006341D2 /* Products */ = {
			isa = PBXGroup;
			children = (
				B1EADCC71E436316006341D2 /* OmnieCommerceAdmin.app */,
			);
			name = Products;
			sourceTree = "<group>";
		};
		B1EADCC91E436316006341D2 /* OmnieCommerceAdmin */ = {
			isa = PBXGroup;
			children = (
				B1EADCCA1E436316006341D2 /* AppDelegate.swift */,
				B1EADCDD1E437238006341D2 /* Common */,
				B1EADCE61E4372E0006341D2 /* Resources */,
				B1EADCDE1E437248006341D2 /* Scenes */,
				B1EADCDC1E437223006341D2 /* Storyboards */,
				B1EADCDF1E43725C006341D2 /* Support Files */,
			);
			path = OmnieCommerceAdmin;
			sourceTree = "<group>";
		};
		B1EADCDC1E437223006341D2 /* Storyboards */ = {
			isa = PBXGroup;
			children = (
				B1EADCEB1E4374C2006341D2 /* Main.storyboard */,
			);
			path = Storyboards;
			sourceTree = "<group>";
		};
		B1EADCDD1E437238006341D2 /* Common */ = {
			isa = PBXGroup;
			children = (
				B1FBB8901E43B97100C02BC3 /* Extensions */,
				B1EADD061E4386DC006341D2 /* Models */,
				B1EADCFB1E4378D0006341D2 /* UIViews */,
			);
			path = Common;
			sourceTree = "<group>";
		};
		B1EADCDE1E437248006341D2 /* Scenes */ = {
			isa = PBXGroup;
			children = (
				B1EADD261E43906D006341D2 /* MainShow */,
			);
			path = Scenes;
			sourceTree = "<group>";
		};
		B1EADCDF1E43725C006341D2 /* Support Files */ = {
			isa = PBXGroup;
			children = (
			);
			path = "Support Files";
			sourceTree = "<group>";
		};
		B1EADCE61E4372E0006341D2 /* Resources */ = {
			isa = PBXGroup;
			children = (
				B1EADCD11E436316006341D2 /* Assets.xcassets */,
				B1EADCE71E43732F006341D2 /* Info.plist */,
				B1EADCF71E437534006341D2 /* Localizable.strings */,
			);
			path = Resources;
			sourceTree = "<group>";
		};
		B1EADCFB1E4378D0006341D2 /* UIViews */ = {
			isa = PBXGroup;
			children = (
			);
			path = UIViews;
			sourceTree = "<group>";
		};
		B1EADD061E4386DC006341D2 /* Models */ = {
			isa = PBXGroup;
			children = (
				B1EADD071E4386F2006341D2 /* Config.swift */,
			);
			path = Models;
			sourceTree = "<group>";
		};
		B1EADD261E43906D006341D2 /* MainShow */ = {
			isa = PBXGroup;
			children = (
				B1EADD271E4390A2006341D2 /* MainShowConfigurator.swift */,
				B1EADD281E4390A2006341D2 /* MainShowInteractor.swift */,
				B1EADD291E4390A2006341D2 /* MainShowModels.swift */,
				B1EADD2A1E4390A2006341D2 /* MainShowPresenter.swift */,
				B1EADD2B1E4390A2006341D2 /* MainShowRouter.swift */,
				B1EADD2C1E4390A2006341D2 /* MainShowViewController.swift */,
				B1EADD2D1E4390A2006341D2 /* MainShowWorker.swift */,
			);
			path = MainShow;
			sourceTree = "<group>";
		};
		B1FBB8901E43B97100C02BC3 /* Extensions */ = {
			isa = PBXGroup;
			children = (
				B1FBB8931E43BA9700C02BC3 /* UIColor+Extensions.swift */,
				B1FBB8911E43B99000C02BC3 /* UIView+Extensions.swift */,
			);
			path = Extensions;
			sourceTree = "<group>";
		};
/* End PBXGroup section */

/* Begin PBXNativeTarget section */
		B1EADCC61E436316006341D2 /* OmnieCommerceAdmin */ = {
			isa = PBXNativeTarget;
			buildConfigurationList = B1EADCD91E436316006341D2 /* Build configuration list for PBXNativeTarget "OmnieCommerceAdmin" */;
			buildPhases = (
				C589E9C60107DD5EA921C21C /* [CP] Check Pods Manifest.lock */,
				B1EADCC31E436316006341D2 /* Sources */,
				B1EADCC41E436316006341D2 /* Frameworks */,
				B1EADCC51E436316006341D2 /* Resources */,
				A4E13F03B6BCA77AFA1D478D /* [CP] Embed Pods Frameworks */,
				9AD9C53D7190DA81112483BB /* [CP] Copy Pods Resources */,
			);
			buildRules = (
			);
			dependencies = (
			);
			name = OmnieCommerceAdmin;
			productName = OmnieCommerceAdmin;
			productReference = B1EADCC71E436316006341D2 /* OmnieCommerceAdmin.app */;
			productType = "com.apple.product-type.application";
		};
/* End PBXNativeTarget section */

/* Begin PBXProject section */
		B1EADCBF1E436316006341D2 /* Project object */ = {
			isa = PBXProject;
			attributes = {
				LastSwiftUpdateCheck = 0820;
				LastUpgradeCheck = 0820;
				ORGANIZATIONNAME = Omniesoft;
				TargetAttributes = {
					B1EADCC61E436316006341D2 = {
						CreatedOnToolsVersion = 8.2.1;
						DevelopmentTeam = 2DS2B364WY;
						ProvisioningStyle = Automatic;
					};
				};
			};
			buildConfigurationList = B1EADCC21E436316006341D2 /* Build configuration list for PBXProject "OmnieCommerceAdmin" */;
			compatibilityVersion = "Xcode 3.2";
			developmentRegion = English;
			hasScannedForEncodings = 0;
			knownRegions = (
				en,
				Base,
				ru,
				uk,
			);
			mainGroup = B1EADCBE1E436316006341D2;
			productRefGroup = B1EADCC81E436316006341D2 /* Products */;
			projectDirPath = "";
			projectRoot = "";
			targets = (
				B1EADCC61E436316006341D2 /* OmnieCommerceAdmin */,
			);
		};
/* End PBXProject section */

/* Begin PBXResourcesBuildPhase section */
		B1EADCC51E436316006341D2 /* Resources */ = {
			isa = PBXResourcesBuildPhase;
			buildActionMask = 2147483647;
			files = (
				B1EADCF51E437534006341D2 /* Localizable.strings in Resources */,
				B1EADCD21E436316006341D2 /* Assets.xcassets in Resources */,
				B1EADCEE1E4374C2006341D2 /* Main.storyboard in Resources */,
			);
			runOnlyForDeploymentPostprocessing = 0;
		};
/* End PBXResourcesBuildPhase section */

/* Begin PBXShellScriptBuildPhase section */
		9AD9C53D7190DA81112483BB /* [CP] Copy Pods Resources */ = {
			isa = PBXShellScriptBuildPhase;
			buildActionMask = 2147483647;
			files = (
			);
			inputPaths = (
			);
			name = "[CP] Copy Pods Resources";
			outputPaths = (
			);
			runOnlyForDeploymentPostprocessing = 0;
			shellPath = /bin/sh;
			shellScript = "\"${SRCROOT}/Pods/Target Support Files/Pods-OmnieCommerceAdmin/Pods-OmnieCommerceAdmin-resources.sh\"\n";
			showEnvVarsInLog = 0;
		};
		A4E13F03B6BCA77AFA1D478D /* [CP] Embed Pods Frameworks */ = {
			isa = PBXShellScriptBuildPhase;
			buildActionMask = 2147483647;
			files = (
			);
			inputPaths = (
			);
			name = "[CP] Embed Pods Frameworks";
			outputPaths = (
			);
			runOnlyForDeploymentPostprocessing = 0;
			shellPath = /bin/sh;
			shellScript = "\"${SRCROOT}/Pods/Target Support Files/Pods-OmnieCommerceAdmin/Pods-OmnieCommerceAdmin-frameworks.sh\"\n";
			showEnvVarsInLog = 0;
		};
		C589E9C60107DD5EA921C21C /* [CP] Check Pods Manifest.lock */ = {
			isa = PBXShellScriptBuildPhase;
			buildActionMask = 2147483647;
			files = (
			);
			inputPaths = (
			);
			name = "[CP] Check Pods Manifest.lock";
			outputPaths = (
			);
			runOnlyForDeploymentPostprocessing = 0;
			shellPath = /bin/sh;
			shellScript = "diff \"${PODS_ROOT}/../Podfile.lock\" \"${PODS_ROOT}/Manifest.lock\" > /dev/null\nif [ $? != 0 ] ; then\n    # print error to STDERR\n    echo \"error: The sandbox is not in sync with the Podfile.lock. Run 'pod install' or update your CocoaPods installation.\" >&2\n    exit 1\nfi\n";
			showEnvVarsInLog = 0;
		};
/* End PBXShellScriptBuildPhase section */

/* Begin PBXSourcesBuildPhase section */
		B1EADCC31E436316006341D2 /* Sources */ = {
			isa = PBXSourcesBuildPhase;
			buildActionMask = 2147483647;
			files = (
				B1EADD311E4390A2006341D2 /* MainShowPresenter.swift in Sources */,
				B1EADCCB1E436316006341D2 /* AppDelegate.swift in Sources */,
				B1FBB8921E43B99000C02BC3 /* UIView+Extensions.swift in Sources */,
				B1EADD081E4386F2006341D2 /* Config.swift in Sources */,
				B1EADD301E4390A2006341D2 /* MainShowModels.swift in Sources */,
				B1EADD321E4390A2006341D2 /* MainShowRouter.swift in Sources */,
				B1EADD341E4390A2006341D2 /* MainShowWorker.swift in Sources */,
				B1EADD2F1E4390A2006341D2 /* MainShowInteractor.swift in Sources */,
				B1FBB8941E43BA9700C02BC3 /* UIColor+Extensions.swift in Sources */,
				B1EADD331E4390A2006341D2 /* MainShowViewController.swift in Sources */,
				B1EADD2E1E4390A2006341D2 /* MainShowConfigurator.swift in Sources */,
			);
			runOnlyForDeploymentPostprocessing = 0;
		};
/* End PBXSourcesBuildPhase section */

/* Begin PBXVariantGroup section */
		B1EADCEB1E4374C2006341D2 /* Main.storyboard */ = {
			isa = PBXVariantGroup;
			children = (
				B1EADCEC1E4374C2006341D2 /* Base */,
				B1EADCF01E4374DA006341D2 /* ru */,
				B1EADCF21E4374E3006341D2 /* uk */,
			);
			name = Main.storyboard;
			path = ..;
			sourceTree = "<group>";
		};
		B1EADCF71E437534006341D2 /* Localizable.strings */ = {
			isa = PBXVariantGroup;
			children = (
				B1EADCF61E437534006341D2 /* Base */,
				B1EADD001E437B7F006341D2 /* en */,
				B1EADD011E437B81006341D2 /* ru */,
				B1EADD021E437B83006341D2 /* uk */,
			);
			name = Localizable.strings;
			sourceTree = "<group>";
		};
/* End PBXVariantGroup section */

/* Begin XCBuildConfiguration section */
		B1EADCD71E436316006341D2 /* Debug */ = {
			isa = XCBuildConfiguration;
			buildSettings = {
				ALWAYS_SEARCH_USER_PATHS = NO;
				CLANG_ANALYZER_LOCALIZABILITY_NONLOCALIZED = YES;
				CLANG_ANALYZER_NONNULL = YES;
				CLANG_CXX_LANGUAGE_STANDARD = "gnu++0x";
				CLANG_CXX_LIBRARY = "libc++";
				CLANG_ENABLE_MODULES = YES;
				CLANG_ENABLE_OBJC_ARC = YES;
				CLANG_WARN_BOOL_CONVERSION = YES;
				CLANG_WARN_CONSTANT_CONVERSION = YES;
				CLANG_WARN_DIRECT_OBJC_ISA_USAGE = YES_ERROR;
				CLANG_WARN_DOCUMENTATION_COMMENTS = YES;
				CLANG_WARN_EMPTY_BODY = YES;
				CLANG_WARN_ENUM_CONVERSION = YES;
				CLANG_WARN_INFINITE_RECURSION = YES;
				CLANG_WARN_INT_CONVERSION = YES;
				CLANG_WARN_OBJC_ROOT_CLASS = YES_ERROR;
				CLANG_WARN_SUSPICIOUS_MOVE = YES;
				CLANG_WARN_UNREACHABLE_CODE = YES;
				CLANG_WARN__DUPLICATE_METHOD_MATCH = YES;
				"CODE_SIGN_IDENTITY[sdk=iphoneos*]" = "iPhone Developer";
				COPY_PHASE_STRIP = NO;
				DEBUG_INFORMATION_FORMAT = dwarf;
				ENABLE_STRICT_OBJC_MSGSEND = YES;
				ENABLE_TESTABILITY = YES;
				GCC_C_LANGUAGE_STANDARD = gnu99;
				GCC_DYNAMIC_NO_PIC = NO;
				GCC_NO_COMMON_BLOCKS = YES;
				GCC_OPTIMIZATION_LEVEL = 0;
				GCC_PREPROCESSOR_DEFINITIONS = (
					"DEBUG=1",
					"$(inherited)",
				);
				GCC_WARN_64_TO_32_BIT_CONVERSION = YES;
				GCC_WARN_ABOUT_RETURN_TYPE = YES_ERROR;
				GCC_WARN_UNDECLARED_SELECTOR = YES;
				GCC_WARN_UNINITIALIZED_AUTOS = YES_AGGRESSIVE;
				GCC_WARN_UNUSED_FUNCTION = YES;
				GCC_WARN_UNUSED_VARIABLE = YES;
				IPHONEOS_DEPLOYMENT_TARGET = 9.3;
				MTL_ENABLE_DEBUG_INFO = YES;
				ONLY_ACTIVE_ARCH = YES;
				SDKROOT = iphoneos;
				SWIFT_ACTIVE_COMPILATION_CONDITIONS = DEBUG;
				SWIFT_OPTIMIZATION_LEVEL = "-Onone";
			};
			name = Debug;
		};
		B1EADCD81E436316006341D2 /* Release */ = {
			isa = XCBuildConfiguration;
			buildSettings = {
				ALWAYS_SEARCH_USER_PATHS = NO;
				CLANG_ANALYZER_LOCALIZABILITY_NONLOCALIZED = YES;
				CLANG_ANALYZER_NONNULL = YES;
				CLANG_CXX_LANGUAGE_STANDARD = "gnu++0x";
				CLANG_CXX_LIBRARY = "libc++";
				CLANG_ENABLE_MODULES = YES;
				CLANG_ENABLE_OBJC_ARC = YES;
				CLANG_WARN_BOOL_CONVERSION = YES;
				CLANG_WARN_CONSTANT_CONVERSION = YES;
				CLANG_WARN_DIRECT_OBJC_ISA_USAGE = YES_ERROR;
				CLANG_WARN_DOCUMENTATION_COMMENTS = YES;
				CLANG_WARN_EMPTY_BODY = YES;
				CLANG_WARN_ENUM_CONVERSION = YES;
				CLANG_WARN_INFINITE_RECURSION = YES;
				CLANG_WARN_INT_CONVERSION = YES;
				CLANG_WARN_OBJC_ROOT_CLASS = YES_ERROR;
				CLANG_WARN_SUSPICIOUS_MOVE = YES;
				CLANG_WARN_UNREACHABLE_CODE = YES;
				CLANG_WARN__DUPLICATE_METHOD_MATCH = YES;
				"CODE_SIGN_IDENTITY[sdk=iphoneos*]" = "iPhone Developer";
				COPY_PHASE_STRIP = NO;
				DEBUG_INFORMATION_FORMAT = "dwarf-with-dsym";
				ENABLE_NS_ASSERTIONS = NO;
				ENABLE_STRICT_OBJC_MSGSEND = YES;
				GCC_C_LANGUAGE_STANDARD = gnu99;
				GCC_NO_COMMON_BLOCKS = YES;
				GCC_WARN_64_TO_32_BIT_CONVERSION = YES;
				GCC_WARN_ABOUT_RETURN_TYPE = YES_ERROR;
				GCC_WARN_UNDECLARED_SELECTOR = YES;
				GCC_WARN_UNINITIALIZED_AUTOS = YES_AGGRESSIVE;
				GCC_WARN_UNUSED_FUNCTION = YES;
				GCC_WARN_UNUSED_VARIABLE = YES;
				IPHONEOS_DEPLOYMENT_TARGET = 9.3;
				MTL_ENABLE_DEBUG_INFO = NO;
				SDKROOT = iphoneos;
				SWIFT_OPTIMIZATION_LEVEL = "-Owholemodule";
				VALIDATE_PRODUCT = YES;
			};
			name = Release;
		};
		B1EADCDA1E436316006341D2 /* Debug */ = {
			isa = XCBuildConfiguration;
			baseConfigurationReference = D3521CD7320E35D8C0761F46 /* Pods-OmnieCommerceAdmin.debug.xcconfig */;
			buildSettings = {
				ASSETCATALOG_COMPILER_APPICON_NAME = AppIcon;
				DEVELOPMENT_TEAM = 2DS2B364WY;
				INFOPLIST_FILE = OmnieCommerceAdmin/Resources/Info.plist;
				LD_RUNPATH_SEARCH_PATHS = "$(inherited) @executable_path/Frameworks";
				PRODUCT_BUNDLE_IDENTIFIER = ua.com.omniesoft.OmnieCommerceAdmin;
				PRODUCT_NAME = "$(TARGET_NAME)";
				SWIFT_VERSION = 3.0;
			};
			name = Debug;
		};
		B1EADCDB1E436316006341D2 /* Release */ = {
			isa = XCBuildConfiguration;
			baseConfigurationReference = 07DD4A3748C06FC225729B4E /* Pods-OmnieCommerceAdmin.release.xcconfig */;
			buildSettings = {
				ASSETCATALOG_COMPILER_APPICON_NAME = AppIcon;
				DEVELOPMENT_TEAM = 2DS2B364WY;
				INFOPLIST_FILE = OmnieCommerceAdmin/Resources/Info.plist;
				LD_RUNPATH_SEARCH_PATHS = "$(inherited) @executable_path/Frameworks";
				PRODUCT_BUNDLE_IDENTIFIER = ua.com.omniesoft.OmnieCommerceAdmin;
				PRODUCT_NAME = "$(TARGET_NAME)";
				SWIFT_VERSION = 3.0;
			};
			name = Release;
		};
/* End XCBuildConfiguration section */

/* Begin XCConfigurationList section */
		B1EADCC21E436316006341D2 /* Build configuration list for PBXProject "OmnieCommerceAdmin" */ = {
			isa = XCConfigurationList;
			buildConfigurations = (
				B1EADCD71E436316006341D2 /* Debug */,
				B1EADCD81E436316006341D2 /* Release */,
			);
			defaultConfigurationIsVisible = 0;
			defaultConfigurationName = Release;
		};
		B1EADCD91E436316006341D2 /* Build configuration list for PBXNativeTarget "OmnieCommerceAdmin" */ = {
			isa = XCConfigurationList;
			buildConfigurations = (
				B1EADCDA1E436316006341D2 /* Debug */,
				B1EADCDB1E436316006341D2 /* Release */,
			);
			defaultConfigurationIsVisible = 0;
			defaultConfigurationName = Release;
		};
/* End XCConfigurationList section */
	};
	rootObject = B1EADCBF1E436316006341D2 /* Project object */;
}
